# THIS IS AN AUTOGENERATED FILE. DO NOT EDIT THIS FILE DIRECTLY.
# yarn lockfile v1


"@unibtc/traverse@^1.0.1":
  version "1.0.1"
  resolved "https://registry.yarnpkg.com/@unibtc/traverse/-/traverse-1.0.1.tgz#cce29e8dad28ed89e0f9ea07659d37158dc959c3"
  integrity sha512-rdznFa65iwoFTMysbqqVAof/M2exM14axzuoKeI0WNJRnbwJe0lzahuepFeshUOuqvC1XXxw13VM5jurHoZgCA==
